<Solution>
  <Folder Name="/01/">
    <Project Path="NumberOddOrNot/NumberOddOrNot.csproj" Id="665e7981-24e2-4d9a-b3e0-226049ed1268" />
  </Folder>
  <Folder Name="/02/">
    <Project Path="Highest___Numbe/Highest___Numbe.csproj" Id="6aa47069-8815-40ed-ac70-a49d637a46f7" />
  </Folder>
  <Folder Name="/03/">
    <Project Path="ORDERING_OF_THREE_NUMBERS/ORDERING_OF_THREE_NUMBERS.csproj" Id="f6777d86-649a-4333-b5c1-86d7ddb28570" />
  </Folder>
  <Folder Name="/04/">
    <Project Path="A NUMBER_IS_A_MULTIPLE_OF_ANOTHER/A NUMBER_IS_A_MULTIPLE_OF_ANOTHER.csproj" Id="9e4df86f-e0ad-47aa-ab81-9a406e37e194" />
  </Folder>
  <Folder Name="/Shared/">
    <Project Path="Shared/Shared.csproj" Id="f8ef11cc-f9e3-42dc-a1ee-2f1916845758" />
  </Folder>
</Solution>
